
Microsoft Visual Studio Solution File, Format Version 12.00
# Visual Studio 15
VisualStudioVersion = 15.0.28010.2016
MinimumVisualStudioVersion = 10.0.40219.1
Project("{FAE04EC0-301F-11D3-BF4B-00C04F79EFBC}") = "DesignAStack", "DesignAStack\DesignAStack.csproj", "{B1E18BAC-BB63-4A13-AF22-53E8CB321FDD}"
EndProject
Global
	GlobalSection(SolutionConfigurationPlatforms) = preSolution
		Debug|Any CPU = Debug|Any CPU
		Release|Any CPU = Release|Any CPU
	EndGlobalSection
	GlobalSection(ProjectConfigurationPlatforms) = postSolution
		{B1E18BAC-BB63-4A13-AF22-53E8CB321FDD}.Debug|Any CPU.ActiveCfg = Debug|Any CPU
		{B1E18BAC-BB63-4A13-AF22-53E8CB321FDD}.Debug|Any CPU.Build.0 = Debug|Any CPU
		{B1E18BAC-BB63-4A13-AF22-53E8CB321FDD}.Release|Any CPU.ActiveCfg = Release|Any CPU
		{B1E18BAC-BB63-4A13-AF22-53E8CB321FDD}.Release|Any CPU.Build.0 = Release|Any CPU
	EndGlobalSection
	GlobalSection(SolutionProperties) = preSolution
		HideSolutionNode = FALSE
	EndGlobalSection
	GlobalSection(ExtensibilityGlobals) = postSolution
		SolutionGuid = {C0DDED5C-36F7-41D2-9EDB-14F375F7EF63}
	EndGlobalSection
EndGlobal
